{
  "name": "xrcomponents",
  "version": "1.0.0",
  "lockfileVersion": 1,
  "requires": true,
  "dependencies": {
    "babylonjs": {
      "version": "4.1.0-alpha.13",
      "resolved": "https://registry.npmjs.org/babylonjs/-/babylonjs-4.1.0-alpha.13.tgz",
      "integrity": "sha512-BR8Nn9WbLplO+yWb5GCgaqMOn/37bfRR4UXD9j10Oj5Pmx0A0NPsCcJ+EaxXX3u5MNbW2CKgnFYrT5BHCbQfdw=="
    },
    "lit-html": {
      "version": "1.1.1",
      "resolved": "https://registry.npmjs.org/lit-html/-/lit-html-1.1.1.tgz",
      "integrity": "sha512-1WqhkPpj+CKwLRXCCbyRGnWkcFKE4ft2+j8C2zaXwFUK9I2vYDzTuDGPh0H9hZcDBEwoe6YpPC8AO5734EPORQ=="
    }
  }
}
