{
  "name": "xrcomponents",
  "version": "1.0.0",
  "lockfileVersion": 1,
  "requires": true,
  "dependencies": {
    "@babylonjs/core": {
      "version": "4.0.3",
      "resolved": "https://registry.npmjs.org/@babylonjs/core/-/core-4.0.3.tgz",
      "integrity": "sha512-M9UYwAwXLIBq+WzNdmYD3TjgHJ+Vb85/pjqt9vN6SqmkwfpmMibfKr3bXkNgodZrVS+UUjvf8A/aWI3cJH0MNg==",
      "dev": true,
      "requires": {
        "tslib": "^1.9.3"
      }
    },
    "attrocity": {
      "version": "0.6.0",
      "resolved": "https://registry.npmjs.org/attrocity/-/attrocity-0.6.0.tgz",
      "integrity": "sha512-i64VARfW+TJbXOkwV2xnz+hSHyj2a7FV1FrTQZZaDH1L+k4gx5iVDX9QKKnPGx5bM7vAV1iyzdAdLk8+gb5RTw=="
    },
    "babylonjs": {
      "version": "4.0.3",
      "resolved": "https://registry.npmjs.org/babylonjs/-/babylonjs-4.0.3.tgz",
      "integrity": "sha512-S5PoPmf0Vo03FDmF9z8djBiIm8GSLvCesln/9aKV9RbD4W+NTqVmMKhR8CQoMRCQNb2JSKKUuyUygXxCRVG37Q=="
    },
    "lit-html": {
      "version": "1.1.1",
      "resolved": "https://registry.npmjs.org/lit-html/-/lit-html-1.1.1.tgz",
      "integrity": "sha512-1WqhkPpj+CKwLRXCCbyRGnWkcFKE4ft2+j8C2zaXwFUK9I2vYDzTuDGPh0H9hZcDBEwoe6YpPC8AO5734EPORQ=="
    },
    "tslib": {
      "version": "1.10.0",
      "resolved": "https://registry.npmjs.org/tslib/-/tslib-1.10.0.tgz",
      "integrity": "sha512-qOebF53frne81cf0S9B41ByenJ3/IuH8yJKngAX35CmiZySA0khhkovshKK+jGCaMnVomla7gVlIcc3EvKPbTQ==",
      "dev": true
    }
  }
}
