{
  "name": "xrcomponents",
  "version": "1.0.0",
  "lockfileVersion": 1,
  "requires": true,
  "dependencies": {
    "articles": {
      "version": "0.2.1",
      "resolved": "https://registry.npmjs.org/articles/-/articles-0.2.1.tgz",
      "integrity": "sha1-wOEBAxuDPb0L3HegrgZQLYIaRSA="
    },
    "babylonjs": {
      "version": "4.1.0-alpha.13",
      "resolved": "https://registry.npmjs.org/babylonjs/-/babylonjs-4.1.0-alpha.13.tgz",
      "integrity": "sha512-BR8Nn9WbLplO+yWb5GCgaqMOn/37bfRR4UXD9j10Oj5Pmx0A0NPsCcJ+EaxXX3u5MNbW2CKgnFYrT5BHCbQfdw=="
    },
    "ephemeral": {
      "version": "0.0.6",
      "resolved": "https://registry.npmjs.org/ephemeral/-/ephemeral-0.0.6.tgz",
      "integrity": "sha1-9GnTNg7JKSTwWFn5we+cA4/kx08=",
      "requires": {
        "moment": "~2.5.1"
      }
    },
    "i": {
      "version": "0.3.3",
      "resolved": "https://registry.npmjs.org/i/-/i-0.3.3.tgz",
      "integrity": "sha1-D/ml63Q1BKqKwmqE+ExkEof/JM0="
    },
    "lit-html": {
      "version": "1.1.1",
      "resolved": "https://registry.npmjs.org/lit-html/-/lit-html-1.1.1.tgz",
      "integrity": "sha512-1WqhkPpj+CKwLRXCCbyRGnWkcFKE4ft2+j8C2zaXwFUK9I2vYDzTuDGPh0H9hZcDBEwoe6YpPC8AO5734EPORQ=="
    },
    "moment": {
      "version": "2.5.1",
      "resolved": "https://registry.npmjs.org/moment/-/moment-2.5.1.tgz",
      "integrity": "sha1-cUajkAUzBkynmdXnkvTkgO4Ogrw="
    },
    "pep": {
      "version": "1.0.13",
      "resolved": "https://registry.npmjs.org/pep/-/pep-1.0.13.tgz",
      "integrity": "sha1-OqNJ//cfv79yxhbyb31dKFcrIOk=",
      "requires": {
        "articles": "0.2.1",
        "ephemeral": "0.0.6",
        "i": "0.3.3"
      }
    }
  }
}
